{
  "name": "rpmbuild",
  "version": "0.0.23",
  "lockfileVersion": 1,
  "requires": true,
  "dependencies": {
    "abbrev": {
      "version": "1.0.9",
      "resolved": "https://registry.npmjs.org/abbrev/-/abbrev-1.0.9.tgz",
      "integrity": "sha1-kbR5JYinc4wl813W9jdSovh3YTU=",
      "dev": true
    },
    "amdefine": {
      "version": "1.0.1",
      "resolved": "https://registry.npmjs.org/amdefine/-/amdefine-1.0.1.tgz",
      "integrity": "sha1-SlKCrBZHKek2Gbz9OtFR+BfOkfU=",
      "dev": true
    },
    "assertion-error": {
      "version": "1.0.0",
      "resolved": "https://registry.npmjs.org/assertion-error/-/assertion-error-1.0.0.tgz",
      "integrity": "sha1-x/hUOP3UZrx8oWq5DIFRN5el0js=",
      "dev": true
    },
    "async": {
      "version": "0.2.10",
      "resolved": "https://registry.npmjs.org/async/-/async-0.2.10.tgz",
      "integrity": "sha1-trvgsGdLnXGXCMo43owjfLUmw9E="
    },
    "balanced-match": {
      "version": "1.0.0",
      "resolved": "https://registry.npmjs.org/balanced-match/-/balanced-match-1.0.0.tgz",
      "integrity": "sha1-ibTRmasr7kneFk6gK4nORi1xt2c="
    },
    "brace-expansion": {
      "version": "1.1.11",
      "resolved": "https://registry.npmjs.org/brace-expansion/-/brace-expansion-1.1.11.tgz",
      "integrity": "sha512-iCuPHDFgrHX7H2vEI/5xpz07zSHB00TpugqhmYtVmMO6518mCuRMoOYFldEBl0g187ufozdaHgWKcYFb61qGiA==",
      "requires": {
        "balanced-match": "^1.0.0",
        "concat-map": "0.0.1"
      }
    },
    "buster-core": {
      "version": "0.6.4",
      "resolved": "https://registry.npmjs.org/buster-core/-/buster-core-0.6.4.tgz",
      "integrity": "sha1-J79rrWdCROpyDzEdkAoMoct4YFA=",
      "dev": true
    },
    "buster-format": {
      "version": "0.5.6",
      "resolved": "https://registry.npmjs.org/buster-format/-/buster-format-0.5.6.tgz",
      "integrity": "sha1-K4bDIuz14bCubm55Bev884fSq5U=",
      "dev": true,
      "requires": {
        "buster-core": "=0.6.4"
      }
    },
    "chai": {
      "version": "1.8.1",
      "resolved": "https://registry.npmjs.org/chai/-/chai-1.8.1.tgz",
      "integrity": "sha1-zHeGbV5+vKK9dRRLHtw3Coh4X3I=",
      "dev": true,
      "requires": {
        "assertion-error": "1.0.0",
        "deep-eql": "0.1.3"
      }
    },
    "commander": {
      "version": "0.6.1",
      "resolved": "https://registry.npmjs.org/commander/-/commander-0.6.1.tgz",
      "integrity": "sha1-+mihT2qUXVTbvlDYzbMyDp47GgY=",
      "dev": true
    },
    "concat-map": {
      "version": "0.0.1",
      "resolved": "https://registry.npmjs.org/concat-map/-/concat-map-0.0.1.tgz",
      "integrity": "sha1-2Klr13/Wjfd5OnMDajug1UBdR3s="
    },
    "core-util-is": {
      "version": "1.0.2",
      "resolved": "https://registry.npmjs.org/core-util-is/-/core-util-is-1.0.2.tgz",
      "integrity": "sha1-tf1UIgqivFq1eqtxQMlAdUUDwac="
    },
    "debug": {
      "version": "4.1.1",
      "resolved": "https://registry.npmjs.org/debug/-/debug-4.1.1.tgz",
      "integrity": "sha512-pYAIzeRo8J6KPEaJ0VWOh5Pzkbw/RetuzehGM7QRRX5he4fPHx2rdKMB256ehJCkX+XRQm16eZLqLNS8RSZXZw==",
      "dev": true,
      "requires": {
        "ms": "^2.1.1"
      }
    },
    "deep-eql": {
      "version": "0.1.3",
      "resolved": "https://registry.npmjs.org/deep-eql/-/deep-eql-0.1.3.tgz",
      "integrity": "sha1-71WKyrjeJSBs1xOQbXTlaTDrafI=",
      "dev": true,
      "requires": {
        "type-detect": "0.1.1"
      }
    },
    "diff": {
      "version": "1.0.7",
      "resolved": "https://registry.npmjs.org/diff/-/diff-1.0.7.tgz",
      "integrity": "sha1-JLuwAcSn1VIhaefKvbLCgU7ZHPQ=",
      "dev": true
    },
    "duplexer": {
      "version": "0.1.1",
      "resolved": "https://registry.npmjs.org/duplexer/-/duplexer-0.1.1.tgz",
      "integrity": "sha1-rOb/gIwc5mtX0ev5eXessCM0z8E="
    },
    "escodegen": {
      "version": "0.0.23",
      "resolved": "https://registry.npmjs.org/escodegen/-/escodegen-0.0.23.tgz",
      "integrity": "sha1-ms+XgWQ2jkInZXHxiDnII7OoRN8=",
      "dev": true,
      "requires": {
        "esprima": "~1.0.2",
        "estraverse": "~0.0.4",
        "source-map": ">= 0.1.2"
      }
    },
    "esprima": {
      "version": "1.0.4",
      "resolved": "https://registry.npmjs.org/esprima/-/esprima-1.0.4.tgz",
      "integrity": "sha1-n1V+CPw7TSbs6d00+Pv0drYlha0=",
      "dev": true
    },
    "estraverse": {
      "version": "0.0.4",
      "resolved": "https://registry.npmjs.org/estraverse/-/estraverse-0.0.4.tgz",
      "integrity": "sha1-AaCTLf7ldGhKWYr1pnw7+bZCjbI=",
      "dev": true
    },
    "event-stream": {
      "version": "3.0.20",
      "resolved": "https://registry.npmjs.org/event-stream/-/event-stream-3.0.20.tgz",
      "integrity": "sha1-A4u7LqnqkDhbJvvBhU0LU58qvqM=",
      "requires": {
        "duplexer": "~0.1.1",
        "from": "~0",
        "map-stream": "~0.0.3",
        "pause-stream": "0.0.11",
        "split": "0.2",
        "stream-combiner": "~0.0.3",
        "through": "~2.3.1"
      }
    },
    "fileset": {
      "version": "0.1.8",
      "resolved": "https://registry.npmjs.org/fileset/-/fileset-0.1.8.tgz",
      "integrity": "sha1-UGuRqTluqn4y+0KoQHfHoMc2t0E=",
      "dev": true,
      "requires": {
        "glob": "3.x",
        "minimatch": "0.x"
      },
      "dependencies": {
        "glob": {
          "version": "3.2.11",
          "resolved": "https://registry.npmjs.org/glob/-/glob-3.2.11.tgz",
          "integrity": "sha1-Spc/Y1uRkPcV0QmH1cAP0oFevj0=",
          "dev": true,
          "requires": {
            "inherits": "2",
            "minimatch": "0.3"
          },
          "dependencies": {
            "minimatch": {
              "version": "0.3.0",
              "resolved": "https://registry.npmjs.org/minimatch/-/minimatch-0.3.0.tgz",
              "integrity": "sha1-J12O2qxPG7MyZHIInnlJyDlGmd0=",
              "dev": true,
              "requires": {
                "lru-cache": "2",
                "sigmund": "~1.0.0"
              }
            }
          }
        },
        "minimatch": {
          "version": "0.4.0",
          "resolved": "https://registry.npmjs.org/minimatch/-/minimatch-0.4.0.tgz",
          "integrity": "sha1-vSx9Bg0sjI/Xzefx8u0tWycP2xs=",
          "dev": true,
          "requires": {
            "lru-cache": "2",
            "sigmund": "~1.0.0"
          }
        }
      }
    },
    "find-index": {
      "version": "0.1.1",
      "resolved": "https://registry.npmjs.org/find-index/-/find-index-0.1.1.tgz",
      "integrity": "sha1-Z101iyyjiS15Whq0cjL4tuLg3eQ="
    },
    "forEachAsync": {
      "version": "2.2.1",
      "resolved": "https://registry.npmjs.org/forEachAsync/-/forEachAsync-2.2.1.tgz",
      "integrity": "sha1-43I/AJA5EOHrSx2zrVG1xkoxn+w=",
      "requires": {
        "sequence": "2.x"
      }
    },
    "from": {
      "version": "0.1.7",
      "resolved": "https://registry.npmjs.org/from/-/from-0.1.7.tgz",
      "integrity": "sha1-g8YK/Fi5xWmXAH7Rp2izqzA6RP4="
    },
    "fs-extra": {
      "version": "0.6.4",
      "resolved": "https://registry.npmjs.org/fs-extra/-/fs-extra-0.6.4.tgz",
      "integrity": "sha1-9G8MdbeEH40gCzNIzU1pHVoJnRU=",
      "requires": {
        "jsonfile": "~1.0.1",
        "mkdirp": "0.3.x",
        "ncp": "~0.4.2",
        "rimraf": "~2.2.0"
      }
    },
    "fs.extra": {
      "version": "1.2.1",
      "resolved": "https://registry.npmjs.org/fs.extra/-/fs.extra-1.2.1.tgz",
      "integrity": "sha1-BgvyAmTzXjmtJH5enSEhoqdaFzM=",
      "requires": {
        "fs-extra": "~0.6.1",
        "mkdirp": "~0.3.5",
        "walk": "~2.2.1"
      }
    },
    "glob": {
      "version": "4.5.3",
      "resolved": "https://registry.npmjs.org/glob/-/glob-4.5.3.tgz",
      "integrity": "sha1-xstz0yJsHv7wTePFbQEvAzd+4V8=",
      "requires": {
        "inflight": "^1.0.4",
        "inherits": "2",
        "minimatch": "^2.0.1",
        "once": "^1.3.0"
      }
    },
    "glob-stream": {
      "version": "3.1.18",
      "resolved": "https://registry.npmjs.org/glob-stream/-/glob-stream-3.1.18.tgz",
      "integrity": "sha1-kXCl8St5Awb9/lmPMT+PeVT9FDs=",
      "requires": {
        "glob": "^4.3.1",
        "glob2base": "^0.0.12",
        "minimatch": "^2.0.1",
        "ordered-read-streams": "^0.1.0",
        "through2": "^0.6.1",
        "unique-stream": "^1.0.0"
      }
    },
    "glob2base": {
      "version": "0.0.12",
      "resolved": "https://registry.npmjs.org/glob2base/-/glob2base-0.0.12.tgz",
      "integrity": "sha1-nUGbPijxLoOjYhZKJ3BVkiycDVY=",
      "requires": {
        "find-index": "^0.1.1"
      }
    },
    "graceful-fs": {
      "version": "2.0.3",
      "resolved": "https://registry.npmjs.org/graceful-fs/-/graceful-fs-2.0.3.tgz",
      "integrity": "sha1-fNLNsiiko/Nule+mzBQt59GhNtA="
    },
    "growl": {
      "version": "1.7.0",
      "resolved": "https://registry.npmjs.org/growl/-/growl-1.7.0.tgz",
      "integrity": "sha1-3i1mE20ALhErpw8/EMMc98NQsto=",
      "dev": true
    },
    "handlebars": {
      "version": "1.0.12",
      "resolved": "https://registry.npmjs.org/handlebars/-/handlebars-1.0.12.tgz",
      "integrity": "sha1-GMbTRAw16RsZs/9YK5FRq0mF1Pw=",
      "dev": true,
      "requires": {
        "optimist": "~0.3",
        "uglify-js": "~2.3"
      }
    },
    "inflight": {
      "version": "1.0.6",
      "resolved": "https://registry.npmjs.org/inflight/-/inflight-1.0.6.tgz",
      "integrity": "sha1-Sb1jMdfQLQwJvJEKEHW6gWW1bfk=",
      "requires": {
        "once": "^1.3.0",
        "wrappy": "1"
      }
    },
    "inherits": {
      "version": "2.0.4",
      "resolved": "https://registry.npmjs.org/inherits/-/inherits-2.0.4.tgz",
      "integrity": "sha512-k/vGaX4/Yla3WzyMCvTQOXYeIHvqOKtnqBduzTHpzpQZzAskKMhZ2K+EnBiSM9zGSoIFeMpXKxa4dYeZIQqewQ=="
    },
    "isarray": {
      "version": "0.0.1",
      "resolved": "https://registry.npmjs.org/isarray/-/isarray-0.0.1.tgz",
      "integrity": "sha1-ihis/Kmo9Bd+Cav8YDiTmwXR7t8="
    },
    "istanbul": {
      "version": "0.1.44",
      "resolved": "https://registry.npmjs.org/istanbul/-/istanbul-0.1.44.tgz",
      "integrity": "sha1-fqHVXjQjTnt9jy9hzOsptZQ52YM=",
      "dev": true,
      "requires": {
        "abbrev": "1.0.x",
        "async": "0.2.x",
        "escodegen": "0.0.23",
        "esprima": "1.0.x",
        "fileset": "0.1.x",
        "handlebars": "1.0.x",
        "mkdirp": "0.3.x",
        "nopt": "2.1.x",
        "resolve": "0.5.x",
        "which": "1.0.x",
        "wordwrap": "0.0.x"
      }
    },
    "jade": {
      "version": "0.26.3",
      "resolved": "https://registry.npmjs.org/jade/-/jade-0.26.3.tgz",
      "integrity": "sha1-jxDXl32NefL2/4YqgbBRPMslaGw=",
      "dev": true,
      "requires": {
        "commander": "0.6.1",
        "mkdirp": "0.3.0"
      },
      "dependencies": {
        "mkdirp": {
          "version": "0.3.0",
          "resolved": "https://registry.npmjs.org/mkdirp/-/mkdirp-0.3.0.tgz",
          "integrity": "sha1-G79asbqCevI1dRQ0kEJkVfSB/h4=",
          "dev": true
        }
      }
    },
    "jsonfile": {
      "version": "1.0.1",
      "resolved": "https://registry.npmjs.org/jsonfile/-/jsonfile-1.0.1.tgz",
      "integrity": "sha1-6l7+QLg2kLmGZ2FKc5L8YOhCwN0="
    },
    "lru-cache": {
      "version": "2.7.3",
      "resolved": "https://registry.npmjs.org/lru-cache/-/lru-cache-2.7.3.tgz",
      "integrity": "sha1-bUUk6LlV+V1PW1iFHOId1y+06VI=",
      "dev": true
    },
    "map-stream": {
      "version": "0.0.7",
      "resolved": "https://registry.npmjs.org/map-stream/-/map-stream-0.0.7.tgz",
      "integrity": "sha1-ih8HiW2CsQkmvTdEokIACfiJdKg="
    },
    "minimatch": {
      "version": "2.0.10",
      "resolved": "https://registry.npmjs.org/minimatch/-/minimatch-2.0.10.tgz",
      "integrity": "sha1-jQh8OcazjAAbl/ynzm0OHoCvusc=",
      "requires": {
        "brace-expansion": "^1.0.0"
      }
    },
    "mkdirp": {
      "version": "0.3.5",
      "resolved": "https://registry.npmjs.org/mkdirp/-/mkdirp-0.3.5.tgz",
      "integrity": "sha1-3j5fiWHIjHh+4TaN+EmsRBPsqNc="
    },
    "mocha": {
      "version": "1.13.0",
      "resolved": "https://registry.npmjs.org/mocha/-/mocha-1.13.0.tgz",
      "integrity": "sha1-jY+k4xC5TMbv6z7SauypbeqTMHw=",
      "dev": true,
      "requires": {
        "commander": "0.6.1",
        "debug": "*",
        "diff": "1.0.7",
        "glob": "3.2.3",
        "growl": "1.7.x",
        "jade": "0.26.3",
        "mkdirp": "0.3.5"
      },
      "dependencies": {
        "glob": {
          "version": "3.2.3",
          "resolved": "https://registry.npmjs.org/glob/-/glob-3.2.3.tgz",
          "integrity": "sha1-4xPusknHr/qlxHUoaw4RW1mDlGc=",
          "dev": true,
          "requires": {
            "graceful-fs": "~2.0.0",
            "inherits": "2",
            "minimatch": "~0.2.11"
          }
        },
        "minimatch": {
          "version": "0.2.14",
          "resolved": "https://registry.npmjs.org/minimatch/-/minimatch-0.2.14.tgz",
          "integrity": "sha1-x054BXT2PG+aCQ6Q775u9TpqdWo=",
          "dev": true,
          "requires": {
            "lru-cache": "2",
            "sigmund": "~1.0.0"
          }
        }
      }
    },
    "mocha-istanbul": {
      "version": "0.2.0",
      "resolved": "https://registry.npmjs.org/mocha-istanbul/-/mocha-istanbul-0.2.0.tgz",
      "integrity": "sha1-77CwH5UxFf+mVj+c3m9O0UXUL2M=",
      "dev": true,
      "requires": {
        "istanbul": "*"
      }
    },
    "ms": {
      "version": "2.1.2",
      "resolved": "https://registry.npmjs.org/ms/-/ms-2.1.2.tgz",
      "integrity": "sha512-sGkPx+VjMtmA6MX27oA4FBFELFCZZ4S4XqeGOXCv68tT+jb3vk/RyaKWP0PTKyWtmLSM0b+adUTEvbs1PEaH2w==",
      "dev": true
    },
    "ncp": {
      "version": "0.4.2",
      "resolved": "https://registry.npmjs.org/ncp/-/ncp-0.4.2.tgz",
      "integrity": "sha1-q8xsvT7C7Spyn/bnwfqPAXhKhXQ="
    },
    "nopt": {
      "version": "2.1.2",
      "resolved": "https://registry.npmjs.org/nopt/-/nopt-2.1.2.tgz",
      "integrity": "sha1-bMzZd7gBMqB3MdbozljCyDA8+a8=",
      "dev": true,
      "requires": {
        "abbrev": "1"
      }
    },
    "once": {
      "version": "1.4.0",
      "resolved": "https://registry.npmjs.org/once/-/once-1.4.0.tgz",
      "integrity": "sha1-WDsap3WWHUsROsF9nFC6753Xa9E=",
      "requires": {
        "wrappy": "1"
      }
    },
    "optimist": {
      "version": "0.3.7",
      "resolved": "https://registry.npmjs.org/optimist/-/optimist-0.3.7.tgz",
      "integrity": "sha1-yQlBrVnkJzMokjB00s8ufLxuwNk=",
      "dev": true,
      "requires": {
        "wordwrap": "~0.0.2"
      }
    },
    "ordered-read-streams": {
      "version": "0.1.0",
      "resolved": "https://registry.npmjs.org/ordered-read-streams/-/ordered-read-streams-0.1.0.tgz",
      "integrity": "sha1-/VZamvjrRHO6abbtijQ1LLVS8SY="
    },
    "pause-stream": {
      "version": "0.0.11",
      "resolved": "https://registry.npmjs.org/pause-stream/-/pause-stream-0.0.11.tgz",
      "integrity": "sha1-/lo0sMvOErWqaitAPuLnO2AvFEU=",
      "requires": {
        "through": "~2.3"
      }
    },
    "readable-stream": {
      "version": "1.0.34",
      "resolved": "https://registry.npmjs.org/readable-stream/-/readable-stream-1.0.34.tgz",
      "integrity": "sha1-Elgg40vIQtLyqq+v5MKRbuMsFXw=",
      "requires": {
        "core-util-is": "~1.0.0",
        "inherits": "~2.0.1",
        "isarray": "0.0.1",
        "string_decoder": "~0.10.x"
      }
    },
    "resolve": {
      "version": "0.5.1",
      "resolved": "https://registry.npmjs.org/resolve/-/resolve-0.5.1.tgz",
      "integrity": "sha1-FeSiIsQja81M+FRUQSwtD7ZSRXY=",
      "dev": true
    },
    "rimraf": {
      "version": "2.2.8",
      "resolved": "https://registry.npmjs.org/rimraf/-/rimraf-2.2.8.tgz",
      "integrity": "sha1-5Dm+Kq7jJzIZUnMPmaiSnk/FBYI="
    },
    "sequence": {
      "version": "2.2.1",
      "resolved": "https://registry.npmjs.org/sequence/-/sequence-2.2.1.tgz",
      "integrity": "sha1-f1YXiV1ENRwKBH52RGdpBJChawM="
    },
    "sigmund": {
      "version": "1.0.1",
      "resolved": "https://registry.npmjs.org/sigmund/-/sigmund-1.0.1.tgz",
      "integrity": "sha1-P/IfGYytIXX587eBhT/ZTQ0ZtZA=",
      "dev": true
    },
    "sinon": {
      "version": "1.7.3",
      "resolved": "https://registry.npmjs.org/sinon/-/sinon-1.7.3.tgz",
      "integrity": "sha1-emnWnNApRYbHQyVO7/G1g6UJl/I=",
      "dev": true,
      "requires": {
        "buster-format": "~0.5"
      }
    },
    "source-map": {
      "version": "0.7.3",
      "resolved": "https://registry.npmjs.org/source-map/-/source-map-0.7.3.tgz",
      "integrity": "sha512-CkCj6giN3S+n9qrYiBTX5gystlENnRW5jZeNLHpe6aue+SrHcG5VYwujhW9s4dY31mEGsxBDrHR6oI69fTXsaQ==",
      "dev": true,
      "optional": true
    },
    "split": {
      "version": "0.2.10",
      "resolved": "https://registry.npmjs.org/split/-/split-0.2.10.tgz",
      "integrity": "sha1-Zwl8YB1pfOE2j0GPBs0gHPBSGlc=",
      "requires": {
        "through": "2"
      }
    },
    "stream-combiner": {
      "version": "0.0.4",
      "resolved": "https://registry.npmjs.org/stream-combiner/-/stream-combiner-0.0.4.tgz",
      "integrity": "sha1-TV5DPBhSYd3mI8o/RMWGvPXErRQ=",
      "requires": {
        "duplexer": "~0.1.1"
      }
    },
    "string_decoder": {
      "version": "0.10.31",
      "resolved": "https://registry.npmjs.org/string_decoder/-/string_decoder-0.10.31.tgz",
      "integrity": "sha1-YuIDvEF2bGwoyfyEMB2rHFMQ+pQ="
    },
    "through": {
      "version": "2.3.8",
      "resolved": "https://registry.npmjs.org/through/-/through-2.3.8.tgz",
      "integrity": "sha1-DdTJ/6q8NXlgsbckEV1+Doai4fU="
    },
    "through2": {
      "version": "0.6.5",
      "resolved": "https://registry.npmjs.org/through2/-/through2-0.6.5.tgz",
      "integrity": "sha1-QaucZ7KdVyCQcUEOHXp6lozTrUg=",
      "requires": {
        "readable-stream": ">=1.0.33-1 <1.1.0-0",
        "xtend": ">=4.0.0 <4.1.0-0"
      }
    },
    "type-detect": {
      "version": "0.1.1",
      "resolved": "https://registry.npmjs.org/type-detect/-/type-detect-0.1.1.tgz",
      "integrity": "sha1-C6XsKohWQORw6k6FBZcZANrFiCI=",
      "dev": true
    },
    "uglify-js": {
      "version": "2.3.6",
      "resolved": "https://registry.npmjs.org/uglify-js/-/uglify-js-2.3.6.tgz",
      "integrity": "sha1-+gmEdwtCi3qbKoBY9GNV0U/vIRo=",
      "dev": true,
      "requires": {
        "async": "~0.2.6",
        "optimist": "~0.3.5",
        "source-map": "~0.1.7"
      },
      "dependencies": {
        "source-map": {
          "version": "0.1.43",
          "resolved": "https://registry.npmjs.org/source-map/-/source-map-0.1.43.tgz",
          "integrity": "sha1-wkvBRspRfBRx9drL4lcbK3+eM0Y=",
          "dev": true,
          "requires": {
            "amdefine": ">=0.0.4"
          }
        }
      }
    },
    "unique-stream": {
      "version": "1.0.0",
      "resolved": "https://registry.npmjs.org/unique-stream/-/unique-stream-1.0.0.tgz",
      "integrity": "sha1-1ZpKdUJ0R9mqbJHnAmP40mpLEEs="
    },
    "walk": {
      "version": "2.2.1",
      "resolved": "https://registry.npmjs.org/walk/-/walk-2.2.1.tgz",
      "integrity": "sha1-WtofjknkfUt0Rdi+ei4eYxq0MBY=",
      "requires": {
        "forEachAsync": "~2.2"
      }
    },
    "which": {
      "version": "1.0.9",
      "resolved": "https://registry.npmjs.org/which/-/which-1.0.9.tgz",
      "integrity": "sha1-RgwdoPgQED0DIam2M6+eV15kSG8=",
      "dev": true
    },
    "wordwrap": {
      "version": "0.0.3",
      "resolved": "https://registry.npmjs.org/wordwrap/-/wordwrap-0.0.3.tgz",
      "integrity": "sha1-o9XabNXAvAAI03I0u68b7WMFkQc=",
      "dev": true
    },
    "wrappy": {
      "version": "1.0.2",
      "resolved": "https://registry.npmjs.org/wrappy/-/wrappy-1.0.2.tgz",
      "integrity": "sha1-tSQ9jz7BqjXxNkYFvA0QNuMKtp8="
    },
    "x-util": {
      "version": "0.0.4",
      "resolved": "https://registry.npmjs.org/x-util/-/x-util-0.0.4.tgz",
      "integrity": "sha1-bUspyOMa+nDUDVxE/qF0FmZjrk4="
    },
    "xtend": {
      "version": "4.0.2",
      "resolved": "https://registry.npmjs.org/xtend/-/xtend-4.0.2.tgz",
      "integrity": "sha512-LKYU1iAXJXUgAXn9URjiu+MWhyUXHsvfp7mcuYm9dSUKK0/CjtrUwFAxD82/mCWbtLsGjFIad0wIsod4zrTAEQ=="
    }
  }
}
